
Microsoft Visual Studio Solution File, Format Version 12.00
# Visual Studio Version 17
VisualStudioVersion = 17.11.35303.130
MinimumVisualStudioVersion = 10.0.40219.1
Project("{FAE04EC0-301F-11D3-BF4B-00C04F79EFBC}") = "zadanie5", "zadanie5.csproj", "{BCD911A9-5982-48B2-ADBD-07CA97A41193}"
EndProject
Global
	GlobalSection(SolutionConfigurationPlatforms) = preSolution
		Debug|Any CPU = Debug|Any CPU
		Release|Any CPU = Release|Any CPU
	EndGlobalSection
	GlobalSection(ProjectConfigurationPlatforms) = postSolution
		{BCD911A9-5982-48B2-ADBD-07CA97A41193}.Debug|Any CPU.ActiveCfg = Debug|Any CPU
		{BCD911A9-5982-48B2-ADBD-07CA97A41193}.Debug|Any CPU.Build.0 = Debug|Any CPU
		{BCD911A9-5982-48B2-ADBD-07CA97A41193}.Release|Any CPU.ActiveCfg = Release|Any CPU
		{BCD911A9-5982-48B2-ADBD-07CA97A41193}.Release|Any CPU.Build.0 = Release|Any CPU
	EndGlobalSection
	GlobalSection(SolutionProperties) = preSolution
		HideSolutionNode = FALSE
	EndGlobalSection
	GlobalSection(ExtensibilityGlobals) = postSolution
		SolutionGuid = {7B736448-ADA3-40F2-A1A0-E113A424AD18}
	EndGlobalSection
EndGlobal
